// !$*UTF8*$!
{
	archiveVersion = 1;
	classes = {
	};
	objectVersion = 77;
	objects = {

/* Begin PBXBuildFile section */
		110BA81C3073D35300692968 /* WidgetKit.framework in Frameworks */ = {isa = PBXBuildFile; fileRef = 110BA81B3073D35300692968 /* WidgetKit.framework */; };
		110BA81E3073D35300692968 /* SwiftUI.framework in Frameworks */ = {isa = PBXBuildFile; fileRef = 110BA81D3073D35300692968 /* SwiftUI.framework */; };
		110BA82F3073D35500692968 /* HaruWidgetExtension.appex in Embed Foundation Extensions */ = {isa = PBXBuildFile; fileRef = 110BA8193073D35200692968 /* HaruWidgetExtension.appex */; settings = {ATTRIBUTES = (RemoveHeadersOnCopy, ); }; };
/* End PBXBuildFile section */

/* Begin PBXContainerItemProxy section */
		110BA7A93073CE5F00692968 /* PBXContainerItemProxy */ = {
			isa = PBXContainerItemProxy;
			containerPortal = 110BA7933073CE5D00692968 /* Project object */;
			proxyType = 1;
			remoteGlobalIDString = 110BA79A3073CE5D00692968;
			remoteInfo = haru2;
		};
		110BA7B33073CE5F00692968 /* PBXContainerItemProxy */ = {
			isa = PBXContainerItemProxy;
			containerPortal = 110BA7933073CE5D00692968 /* Project object */;
			proxyType = 1;
			remoteGlobalIDString = 110BA79A3073CE5D00692968;
			remoteInfo = haru2;
		};
		110BA82D3073D35500692968 /* PBXContainerItemProxy */ = {
			isa = PBXContainerItemProxy;
			containerPortal = 110BA7933073CE5D00692968 /* Project object */;
			proxyType = 1;
			remoteGlobalIDString = 110BA8183073D35200692968;
			remoteInfo = HaruWidgetExtension;
		};
/* End PBXContainerItemProxy section */

/* Begin PBXCopyFilesBuildPhase section */
		110BA8343073D35500692968 /* Embed Foundation Extensions */ = {
			isa = PBXCopyFilesBuildPhase;
			buildActionMask = 2147483647;
			dstPath = "";
			dstSubfolderSpec = 13;
			files = (
				110BA82F3073D35500692968 /* HaruWidgetExtension.appex in Embed Foundation Extensions */,
			);
			name = "Embed Foundation Extensions";
			runOnlyForDeploymentPostprocessing = 0;
		};
/* End PBXCopyFilesBuildPhase section */

/* Begin PBXFileReference section */
		110BA79B3073CE5D00692968 /* haru2.app */ = {isa = PBXFileReference; explicitFileType = wrapper.application; includeInIndex = 0; path = haru2.app; sourceTree = BUILT_PRODUCTS_DIR; };
		110BA7A83073CE5F00692968 /* haru2Tests.xctest */ = {isa = PBXFileReference; explicitFileType = wrapper.cfbundle; includeInIndex = 0; path = haru2Tests.xctest; sourceTree = BUILT_PRODUCTS_DIR; };
		110BA7B23073CE5F00692968 /* haru2UITests.xctest */ = {isa = PBXFileReference; explicitFileType = wrapper.cfbundle; includeInIndex = 0; path = haru2UITests.xctest; sourceTree = BUILT_PRODUCTS_DIR; };
		110BA8193073D35200692968 /* HaruWidgetExtension.appex */ = {isa = PBXFileReference; explicitFileType = "wrapper.app-extension"; includeInIndex = 0; path = HaruWidgetExtension.appex; sourceTree = BUILT_PRODUCTS_DIR; };
		110BA81B3073D35300692968 /* WidgetKit.framework */ = {isa = PBXFileReference; lastKnownFileType = wrapper.framework; name = WidgetKit.framework; path = System/Library/Frameworks/WidgetKit.framework; sourceTree = SDKROOT; };
		110BA81D3073D35300692968 /* SwiftUI.framework */ = {isa = PBXFileReference; lastKnownFileType = wrapper.framework; name = SwiftUI.framework; path = System/Library/Frameworks/SwiftUI.framework; sourceTree = SDKROOT; };
/* End PBXFileReference section */

/* Begin PBXFileSystemSynchronizedBuildFileExceptionSet section */
		110BA8303073D35500692968 /* Exceptions for "HaruWidget" folder in "HaruWidgetExtension" target */ = {
			isa = PBXFileSystemSynchronizedBuildFileExceptionSet;
			membershipExceptions = (
				Info.plist,
			);
			target = 110BA8183073D35200692968 /* HaruWidgetExtension */;
		};
		110BA8373073D4D300692968 /* Exceptions for "haru2" folder in "HaruWidgetExtension" target */ = {
			isa = PBXFileSystemSynchronizedBuildFileExceptionSet;
			membershipExceptions = (
				"Shared/SharedConfig.swift",
				"Shared/WidgetSnapshot.swift",
			);
			target = 110BA8183073D35200692968 /* HaruWidgetExtension */;
		};
/* End PBXFileSystemSynchronizedBuildFileExceptionSet section */

/* Begin PBXFileSystemSynchronizedRootGroup section */
		110BA79D3073CE5D00692968 /* haru2 */ = {
			isa = PBXFileSystemSynchronizedRootGroup;
			exceptions = (
				110BA8373073D4D300692968 /* Exceptions for "haru2" folder in "HaruWidgetExtension" target */,
			);
			path = Haru;
			sourceTree = "<group>";
		};
		110BA7AB3073CE5F00692968 /* haru2Tests */ = {
			isa = PBXFileSystemSynchronizedRootGroup;
			path = haru2Tests;
			sourceTree = "<group>";
		};
		110BA7B53073CE5F00692968 /* haru2UITests */ = {
			isa = PBXFileSystemSynchronizedRootGroup;
			path = haru2UITests;
			sourceTree = "<group>";
		};
		110BA81F3073D35300692968 /* HaruWidget */ = {
			isa = PBXFileSystemSynchronizedRootGroup;
			exceptions = (
				110BA8303073D35500692968 /* Exceptions for "HaruWidget" folder in "HaruWidgetExtension" target */,
			);
			path = HaruWidget;
			sourceTree = "<group>";
		};
/* End PBXFileSystemSynchronizedRootGroup section */

/* Begin PBXFrameworksBuildPhase section */
		110BA7983073CE5D00692968 /* Frameworks */ = {
			isa = PBXFrameworksBuildPhase;
			buildActionMask = 2147483647;
			files = (
			);
			runOnlyForDeploymentPostprocessing = 0;
		};
		110BA7A53073CE5F00692968 /* Frameworks */ = {
			isa = PBXFrameworksBuildPhase;
			buildActionMask = 2147483647;
			files = (
			);
			runOnlyForDeploymentPostprocessing = 0;
		};
		110BA7AF3073CE5F00692968 /* Frameworks */ = {
			isa = PBXFrameworksBuildPhase;
			buildActionMask = 2147483647;
			files = (
			);
			runOnlyForDeploymentPostprocessing = 0;
		};
		110BA8163073D35200692968 /* Frameworks */ = {
			isa = PBXFrameworksBuildPhase;
			buildActionMask = 2147483647;
			files = (
				110BA81E3073D35300692968 /* SwiftUI.framework in Frameworks */,
				110BA81C3073D35300692968 /* WidgetKit.framework in Frameworks */,
			);
			runOnlyForDeploymentPostprocessing = 0;
		};
/* End PBXFrameworksBuildPhase section */

/* Begin PBXGroup section */
		110BA7923073CE5D00692968 = {
			isa = PBXGroup;
			children = (
				110BA79D3073CE5D00692968 /* haru2 */,
				110BA7AB3073CE5F00692968 /* haru2Tests */,
				110BA7B53073CE5F00692968 /* haru2UITests */,
				110BA81F3073D35300692968 /* HaruWidget */,
				110BA81A3073D35200692968 /* Frameworks */,
				110BA79C3073CE5D00692968 /* Products */,
			);
			sourceTree = "<group>";
		};
		110BA79C3073CE5D00692968 /* Products */ = {
			isa = PBXGroup;
			children = (
				110BA79B3073CE5D00692968 /* haru2.app */,
				110BA7A83073CE5F00692968 /* haru2Tests.xctest */,
				110BA7B23073CE5F00692968 /* haru2UITests.xctest */,
				110BA8193073D35200692968 /* HaruWidgetExtension.appex */,
			);
			name = Products;
			sourceTree = "<group>";
		};
		110BA81A3073D35200692968 /* Frameworks */ = {
			isa = PBXGroup;
			children = (
				110BA81B3073D35300692968 /* WidgetKit.framework */,
				110BA81D3073D35300692968 /* SwiftUI.framework */,
			);
			name = Frameworks;
			sourceTree = "<group>";
		};
/* End PBXGroup section */

/* Begin PBXNativeTarget section */
		110BA79A3073CE5D00692968 /* haru2 */ = {
			isa = PBXNativeTarget;
			buildConfigurationList = 110BA7BC3073CE5F00692968 /* Build configuration list for PBXNativeTarget "haru2" */;
			buildPhases = (
				110BA7973073CE5D00692968 /* Sources */,
				110BA7983073CE5D00692968 /* Frameworks */,
				110BA7993073CE5D00692968 /* Resources */,
				110BA8343073D35500692968 /* Embed Foundation Extensions */,
			);
			buildRules = (
			);
			dependencies = (
				110BA82E3073D35500692968 /* PBXTargetDependency */,
			);
			fileSystemSynchronizedGroups = (
				110BA79D3073CE5D00692968 /* haru2 */,
			);
			name = haru2;
			packageProductDependencies = (
			);
			productName = haru2;
			productReference = 110BA79B3073CE5D00692968 /* haru2.app */;
			productType = "com.apple.product-type.application";
		};
		110BA7A73073CE5F00692968 /* haru2Tests */ = {
			isa = PBXNativeTarget;
			buildConfigurationList = 110BA7BF3073CE5F00692968 /* Build configuration list for PBXNativeTarget "haru2Tests" */;
			buildPhases = (
				110BA7A43073CE5F00692968 /* Sources */,
				110BA7A53073CE5F00692968 /* Frameworks */,
				110BA7A63073CE5F00692968 /* Resources */,
			);
			buildRules = (
			);
			dependencies = (
				110BA7AA3073CE5F00692968 /* PBXTargetDependency */,
			);
			fileSystemSynchronizedGroups = (
				110BA7AB3073CE5F00692968 /* haru2Tests */,
			);
			name = haru2Tests;
			packageProductDependencies = (
			);
			productName = haru2Tests;
			productReference = 110BA7A83073CE5F00692968 /* haru2Tests.xctest */;
			productType = "com.apple.product-type.bundle.unit-test";
		};
		110BA7B13073CE5F00692968 /* haru2UITests */ = {
			isa = PBXNativeTarget;
			buildConfigurationList = 110BA7C23073CE5F00692968 /* Build configuration list for PBXNativeTarget "haru2UITests" */;
			buildPhases = (
				110BA7AE3073CE5F00692968 /* Sources */,
				110BA7AF3073CE5F00692968 /* Frameworks */,
				110BA7B03073CE5F00692968 /* Resources */,
			);
			buildRules = (
			);
			dependencies = (
				110BA7B43073CE5F00692968 /* PBXTargetDependency */,
			);
			fileSystemSynchronizedGroups = (
				110BA7B53073CE5F00692968 /* haru2UITests */,
			);
			name = haru2UITests;
			packageProductDependencies = (
			);
			productName = haru2UITests;
			productReference = 110BA7B23073CE5F00692968 /* haru2UITests.xctest */;
			productType = "com.apple.product-type.bundle.ui-testing";
		};
		110BA8183073D35200692968 /* HaruWidgetExtension */ = {
			isa = PBXNativeTarget;
			buildConfigurationList = 110BA8313073D35500692968 /* Build configuration list for PBXNativeTarget "HaruWidgetExtension" */;
			buildPhases = (
				110BA8153073D35200692968 /* Sources */,
				110BA8163073D35200692968 /* Frameworks */,
				110BA8173073D35200692968 /* Resources */,
			);
			buildRules = (
			);
			dependencies = (
			);
			fileSystemSynchronizedGroups = (
				110BA81F3073D35300692968 /* HaruWidget */,
			);
			name = HaruWidgetExtension;
			packageProductDependencies = (
			);
			productName = HaruWidgetExtension;
			productReference = 110BA8193073D35200692968 /* HaruWidgetExtension.appex */;
			productType = "com.apple.product-type.app-extension";
		};
/* End PBXNativeTarget section */

/* Begin PBXProject section */
		110BA7933073CE5D00692968 /* Project object */ = {
			isa = PBXProject;
			attributes = {
				BuildIndependentTargetsInParallel = 1;
				LastSwiftUpdateCheck = 2660;
				LastUpgradeCheck = 2700;
				TargetAttributes = {
					110BA79A3073CE5D00692968 = {
						CreatedOnToolsVersion = 26.6;
					};
					110BA7A73073CE5F00692968 = {
						CreatedOnToolsVersion = 26.6;
						TestTargetID = 110BA79A3073CE5D00692968;
					};
					110BA7B13073CE5F00692968 = {
						CreatedOnToolsVersion = 26.6;
						TestTargetID = 110BA79A3073CE5D00692968;
					};
					110BA8183073D35200692968 = {
						CreatedOnToolsVersion = 26.6;
					};
				};
			};
			buildConfigurationList = 110BA7963073CE5D00692968 /* Build configuration list for PBXProject "haru2" */;
			developmentRegion = en;
			hasScannedForEncodings = 0;
			knownRegions = (
				en,
				Base,
			);
			mainGroup = 110BA7923073CE5D00692968;
			minimizedProjectReferenceProxies = 1;
			preferredProjectObjectVersion = 77;
			productRefGroup = 110BA79C3073CE5D00692968 /* Products */;
			projectDirPath = "";
			projectRoot = "";
			targets = (
				110BA79A3073CE5D00692968 /* haru2 */,
				110BA7A73073CE5F00692968 /* haru2Tests */,
				110BA7B13073CE5F00692968 /* haru2UITests */,
				110BA8183073D35200692968 /* HaruWidgetExtension */,
			);
		};
/* End PBXProject section */

/* Begin PBXResourcesBuildPhase section */
		110BA7993073CE5D00692968 /* Resources */ = {
			isa = PBXResourcesBuildPhase;
			buildActionMask = 2147483647;
			files = (
			);
			runOnlyForDeploymentPostprocessing = 0;
		};
		110BA7A63073CE5F00692968 /* Resources */ = {
			isa = PBXResourcesBuildPhase;
			buildActionMask = 2147483647;
			files = (
			);
			runOnlyForDeploymentPostprocessing = 0;
		};
		110BA7B03073CE5F00692968 /* Resources */ = {
			isa = PBXResourcesBuildPhase;
			buildActionMask = 2147483647;
			files = (
			);
			runOnlyForDeploymentPostprocessing = 0;
		};
		110BA8173073D35200692968 /* Resources */ = {
			isa = PBXResourcesBuildPhase;
			buildActionMask = 2147483647;
			files = (
			);
			runOnlyForDeploymentPostprocessing = 0;
		};
/* End PBXResourcesBuildPhase section */

/* Begin PBXSourcesBuildPhase section */
		110BA7973073CE5D00692968 /* Sources */ = {
			isa = PBXSourcesBuildPhase;
			buildActionMask = 2147483647;
			files = (
			);
			runOnlyForDeploymentPostprocessing = 0;
		};
		110BA7A43073CE5F00692968 /* Sources */ = {
			isa = PBXSourcesBuildPhase;
			buildActionMask = 2147483647;
			files = (
			);
			runOnlyForDeploymentPostprocessing = 0;
		};
		110BA7AE3073CE5F00692968 /* Sources */ = {
			isa = PBXSourcesBuildPhase;
			buildActionMask = 2147483647;
			files = (
			);
			runOnlyForDeploymentPostprocessing = 0;
		};
		110BA8153073D35200692968 /* Sources */ = {
			isa = PBXSourcesBuildPhase;
			buildActionMask = 2147483647;
			files = (
			);
			runOnlyForDeploymentPostprocessing = 0;
		};
/* End PBXSourcesBuildPhase section */

/* Begin PBXTargetDependency section */
		110BA7AA3073CE5F00692968 /* PBXTargetDependency */ = {
			isa = PBXTargetDependency;
			target = 110BA79A3073CE5D00692968 /* haru2 */;
			targetProxy = 110BA7A93073CE5F00692968 /* PBXContainerItemProxy */;
		};
		110BA7B43073CE5F00692968 /* PBXTargetDependency */ = {
			isa = PBXTargetDependency;
			target = 110BA79A3073CE5D00692968 /* haru2 */;
			targetProxy = 110BA7B33073CE5F00692968 /* PBXContainerItemProxy */;
		};
		110BA82E3073D35500692968 /* PBXTargetDependency */ = {
			isa = PBXTargetDependency;
			target = 110BA8183073D35200692968 /* HaruWidgetExtension */;
			targetProxy = 110BA82D3073D35500692968 /* PBXContainerItemProxy */;
		};
/* End PBXTargetDependency section */

/* Begin XCBuildConfiguration section */
		110BA7BA3073CE5F00692968 /* Debug */ = {
			isa = XCBuildConfiguration;
			buildSettings = {
				ALWAYS_SEARCH_USER_PATHS = NO;
				ASSETCATALOG_COMPILER_GENERATE_SWIFT_ASSET_SYMBOL_EXTENSIONS = YES;
				CLANG_ANALYZER_NONNULL = YES;
				CLANG_ANALYZER_NUMBER_OBJECT_CONVERSION = YES_AGGRESSIVE;
				CLANG_CXX_LANGUAGE_STANDARD = "gnu++20";
				CLANG_ENABLE_MODULES = YES;
				CLANG_ENABLE_OBJC_ARC = YES;
				CLANG_ENABLE_OBJC_WEAK = YES;
				CLANG_WARN_BLOCK_CAPTURE_AUTORELEASING = YES;
				CLANG_WARN_BOOL_CONVERSION = YES;
				CLANG_WARN_COMMA = YES;
				CLANG_WARN_CONSTANT_CONVERSION = YES;
				CLANG_WARN_DEPRECATED_OBJC_IMPLEMENTATIONS = YES;
				CLANG_WARN_DIRECT_OBJC_ISA_USAGE = YES_ERROR;
				CLANG_WARN_DOCUMENTATION_COMMENTS = YES;
				CLANG_WARN_EMPTY_BODY = YES;
				CLANG_WARN_ENUM_CONVERSION = YES;
				CLANG_WARN_INFINITE_RECURSION = YES;
				CLANG_WARN_INT_CONVERSION = YES;
				CLANG_WARN_NON_LITERAL_NULL_CONVERSION = YES;
				CLANG_WARN_OBJC_IMPLICIT_RETAIN_SELF = YES;
				CLANG_WARN_OBJC_LITERAL_CONVERSION = YES;
				CLANG_WARN_OBJC_ROOT_CLASS = YES_ERROR;
				CLANG_WARN_QUOTED_INCLUDE_IN_FRAMEWORK_HEADER = YES;
				CLANG_WARN_RANGE_LOOP_ANALYSIS = YES;
				CLANG_WARN_STRICT_PROTOTYPES = YES;
				CLANG_WARN_SUSPICIOUS_MOVE = YES;
				CLANG_WARN_UNGUARDED_AVAILABILITY = YES_AGGRESSIVE;
				CLANG_WARN_UNREACHABLE_CODE = YES;
				CLANG_WARN__DUPLICATE_METHOD_MATCH = YES;
				COPY_PHASE_STRIP = NO;
				DEAD_CODE_STRIPPING = YES;
				DEBUG_INFORMATION_FORMAT = dwarf;
								ENABLE_STRICT_OBJC_MSGSEND = YES;
				ENABLE_TESTABILITY = YES;
				ENABLE_USER_SCRIPT_SANDBOXING = YES;
				GCC_C_LANGUAGE_STANDARD = gnu17;
				GCC_DYNAMIC_NO_PIC = NO;
				GCC_NO_COMMON_BLOCKS = YES;
				GCC_OPTIMIZATION_LEVEL = 0;
				GCC_PREPROCESSOR_DEFINITIONS = (
					"DEBUG=1",
					"$(inherited)",
				);
				GCC_WARN_64_TO_32_BIT_CONVERSION = YES;
				GCC_WARN_ABOUT_RETURN_TYPE = YES_ERROR;
				GCC_WARN_UNDECLARED_SELECTOR = YES;
				GCC_WARN_UNINITIALIZED_AUTOS = YES_AGGRESSIVE;
				GCC_WARN_UNUSED_FUNCTION = YES;
				GCC_WARN_UNUSED_VARIABLE = YES;
				LOCALIZATION_PREFERS_STRING_CATALOGS = YES;
				MTL_ENABLE_DEBUG_INFO = INCLUDE_SOURCE;
				MTL_FAST_MATH = YES;
				ONLY_ACTIVE_ARCH = YES;
				STRING_CATALOG_GENERATE_SYMBOLS = YES;
				SWIFT_ACTIVE_COMPILATION_CONDITIONS = "DEBUG $(inherited)";
				SWIFT_OPTIMIZATION_LEVEL = "-Onone";
			};
			name = Debug;
		};
		110BA7BB3073CE5F00692968 /* Release */ = {
			isa = XCBuildConfiguration;
			buildSettings = {
				ALWAYS_SEARCH_USER_PATHS = NO;
				ASSETCATALOG_COMPILER_GENERATE_SWIFT_ASSET_SYMBOL_EXTENSIONS = YES;
				CLANG_ANALYZER_NONNULL = YES;
				CLANG_ANALYZER_NUMBER_OBJECT_CONVERSION = YES_AGGRESSIVE;
				CLANG_CXX_LANGUAGE_STANDARD = "gnu++20";
				CLANG_ENABLE_MODULES = YES;
				CLANG_ENABLE_OBJC_ARC = YES;
				CLANG_ENABLE_OBJC_WEAK = YES;
				CLANG_WARN_BLOCK_CAPTURE_AUTORELEASING = YES;
				CLANG_WARN_BOOL_CONVERSION = YES;
				CLANG_WARN_COMMA = YES;
				CLANG_WARN_CONSTANT_CONVERSION = YES;
				CLANG_WARN_DEPRECATED_OBJC_IMPLEMENTATIONS = YES;
				CLANG_WARN_DIRECT_OBJC_ISA_USAGE = YES_ERROR;
				CLANG_WARN_DOCUMENTATION_COMMENTS = YES;
				CLANG_WARN_EMPTY_BODY = YES;
				CLANG_WARN_ENUM_CONVERSION = YES;
				CLANG_WARN_INFINITE_RECURSION = YES;
				CLANG_WARN_INT_CONVERSION = YES;
				CLANG_WARN_NON_LITERAL_NULL_CONVERSION = YES;
				CLANG_WARN_OBJC_IMPLICIT_RETAIN_SELF = YES;
				CLANG_WARN_OBJC_LITERAL_CONVERSION = YES;
				CLANG_WARN_OBJC_ROOT_CLASS = YES_ERROR;
				CLANG_WARN_QUOTED_INCLUDE_IN_FRAMEWORK_HEADER = YES;
				CLANG_WARN_RANGE_LOOP_ANALYSIS = YES;
				CLANG_WARN_STRICT_PROTOTYPES = YES;
				CLANG_WARN_SUSPICIOUS_MOVE = YES;
				CLANG_WARN_UNGUARDED_AVAILABILITY = YES_AGGRESSIVE;
				CLANG_WARN_UNREACHABLE_CODE = YES;
				CLANG_WARN__DUPLICATE_METHOD_MATCH = YES;
				COPY_PHASE_STRIP = NO;
				DEAD_CODE_STRIPPING = YES;
				DEBUG_INFORMATION_FORMAT = "dwarf-with-dsym";
								ENABLE_NS_ASSERTIONS = NO;
				ENABLE_STRICT_OBJC_MSGSEND = YES;
				ENABLE_USER_SCRIPT_SANDBOXING = YES;
				GCC_C_LANGUAGE_STANDARD = gnu17;
				GCC_NO_COMMON_BLOCKS = YES;
				GCC_WARN_64_TO_32_BIT_CONVERSION = YES;
				GCC_WARN_ABOUT_RETURN_TYPE = YES_ERROR;
				GCC_WARN_UNDECLARED_SELECTOR = YES;
				GCC_WARN_UNINITIALIZED_AUTOS = YES_AGGRESSIVE;
				GCC_WARN_UNUSED_FUNCTION = YES;
				GCC_WARN_UNUSED_VARIABLE = YES;
				LOCALIZATION_PREFERS_STRING_CATALOGS = YES;
				MTL_ENABLE_DEBUG_INFO = NO;
				MTL_FAST_MATH = YES;
				STRING_CATALOG_GENERATE_SYMBOLS = YES;
				SWIFT_COMPILATION_MODE = wholemodule;
			};
			name = Release;
		};
		110BA7BD3073CE5F00692968 /* Debug */ = {
			isa = XCBuildConfiguration;
			buildSettings = {
				ASSETCATALOG_COMPILER_APPICON_NAME = AppIcon;
				ASSETCATALOG_COMPILER_GLOBAL_ACCENT_COLOR_NAME = AccentColor;
				CODE_SIGN_ENTITLEMENTS = "Haru/Haru.entitlements";
				INFOPLIST_KEY_NSMicrophoneUsageDescription = "말로 일정을 추가하려면 마이크가 필요해요";
				INFOPLIST_KEY_NSSpeechRecognitionUsageDescription = "말을 글자로 바꾸려면 음성 인식이 필요해요";
				CODE_SIGN_STYLE = Automatic;
				CURRENT_PROJECT_VERSION = 1;
				DEAD_CODE_STRIPPING = YES;
								ENABLE_APP_SANDBOX = YES;
				ENABLE_HARDENED_RUNTIME = YES;
				ENABLE_PREVIEWS = YES;
				ENABLE_USER_SELECTED_FILES = readonly;
				GENERATE_INFOPLIST_FILE = YES;
				"INFOPLIST_KEY_UIApplicationSceneManifest_Generation[sdk=iphoneos*]" = YES;
				"INFOPLIST_KEY_UIApplicationSceneManifest_Generation[sdk=iphonesimulator*]" = YES;
				"INFOPLIST_KEY_UIApplicationSupportsIndirectInputEvents[sdk=iphoneos*]" = YES;
				"INFOPLIST_KEY_UIApplicationSupportsIndirectInputEvents[sdk=iphonesimulator*]" = YES;
				"INFOPLIST_KEY_UILaunchScreen_Generation[sdk=iphoneos*]" = YES;
				"INFOPLIST_KEY_UILaunchScreen_Generation[sdk=iphonesimulator*]" = YES;
				"INFOPLIST_KEY_UIStatusBarStyle[sdk=iphoneos*]" = UIStatusBarStyleDefault;
				"INFOPLIST_KEY_UIStatusBarStyle[sdk=iphonesimulator*]" = UIStatusBarStyleDefault;
				INFOPLIST_KEY_UISupportedInterfaceOrientations_iPad = "UIInterfaceOrientationPortrait UIInterfaceOrientationPortraitUpsideDown UIInterfaceOrientationLandscapeLeft UIInterfaceOrientationLandscapeRight";
				INFOPLIST_KEY_UISupportedInterfaceOrientations_iPhone = "UIInterfaceOrientationPortrait UIInterfaceOrientationLandscapeLeft UIInterfaceOrientationLandscapeRight";
				IPHONEOS_DEPLOYMENT_TARGET = 26.5;
				LD_RUNPATH_SEARCH_PATHS = "@executable_path/Frameworks";
				"LD_RUNPATH_SEARCH_PATHS[sdk=macosx*]" = "@executable_path/../Frameworks";
				MACOSX_DEPLOYMENT_TARGET = 26.5;
				MARKETING_VERSION = 1.0;
				PRODUCT_BUNDLE_IDENTIFIER = com.taek.haru2;
				PRODUCT_NAME = "$(TARGET_NAME)";
				REGISTER_APP_GROUPS = YES;
				SDKROOT = auto;
				STRING_CATALOG_GENERATE_SYMBOLS = YES;
				SUPPORTED_PLATFORMS = "iphoneos iphonesimulator macosx xros xrsimulator";
				SWIFT_APPROACHABLE_CONCURRENCY = YES;
				SWIFT_DEFAULT_ACTOR_ISOLATION = MainActor;
				SWIFT_EMIT_LOC_STRINGS = YES;
				SWIFT_UPCOMING_FEATURE_MEMBER_IMPORT_VISIBILITY = YES;
				SWIFT_VERSION = 5.0;
				TARGETED_DEVICE_FAMILY = "1,2,7";
				XROS_DEPLOYMENT_TARGET = 26.5;
			};
			name = Debug;
		};
		110BA7BE3073CE5F00692968 /* Release */ = {
			isa = XCBuildConfiguration;
			buildSettings = {
				ASSETCATALOG_COMPILER_APPICON_NAME = AppIcon;
				ASSETCATALOG_COMPILER_GLOBAL_ACCENT_COLOR_NAME = AccentColor;
				CODE_SIGN_ENTITLEMENTS = "Haru/Haru.entitlements";
				INFOPLIST_KEY_NSMicrophoneUsageDescription = "말로 일정을 추가하려면 마이크가 필요해요";
				INFOPLIST_KEY_NSSpeechRecognitionUsageDescription = "말을 글자로 바꾸려면 음성 인식이 필요해요";
				CODE_SIGN_STYLE = Automatic;
				CURRENT_PROJECT_VERSION = 1;
				DEAD_CODE_STRIPPING = YES;
								ENABLE_APP_SANDBOX = YES;
				ENABLE_HARDENED_RUNTIME = YES;
				ENABLE_PREVIEWS = YES;
				ENABLE_USER_SELECTED_FILES = readonly;
				GENERATE_INFOPLIST_FILE = YES;
				"INFOPLIST_KEY_UIApplicationSceneManifest_Generation[sdk=iphoneos*]" = YES;
				"INFOPLIST_KEY_UIApplicationSceneManifest_Generation[sdk=iphonesimulator*]" = YES;
				"INFOPLIST_KEY_UIApplicationSupportsIndirectInputEvents[sdk=iphoneos*]" = YES;
				"INFOPLIST_KEY_UIApplicationSupportsIndirectInputEvents[sdk=iphonesimulator*]" = YES;
				"INFOPLIST_KEY_UILaunchScreen_Generation[sdk=iphoneos*]" = YES;
				"INFOPLIST_KEY_UILaunchScreen_Generation[sdk=iphonesimulator*]" = YES;
				"INFOPLIST_KEY_UIStatusBarStyle[sdk=iphoneos*]" = UIStatusBarStyleDefault;
				"INFOPLIST_KEY_UIStatusBarStyle[sdk=iphonesimulator*]" = UIStatusBarStyleDefault;
				INFOPLIST_KEY_UISupportedInterfaceOrientations_iPad = "UIInterfaceOrientationPortrait UIInterfaceOrientationPortraitUpsideDown UIInterfaceOrientationLandscapeLeft UIInterfaceOrientationLandscapeRight";
				INFOPLIST_KEY_UISupportedInterfaceOrientations_iPhone = "UIInterfaceOrientationPortrait UIInterfaceOrientationLandscapeLeft UIInterfaceOrientationLandscapeRight";
				IPHONEOS_DEPLOYMENT_TARGET = 26.5;
				LD_RUNPATH_SEARCH_PATHS = "@executable_path/Frameworks";
				"LD_RUNPATH_SEARCH_PATHS[sdk=macosx*]" = "@executable_path/../Frameworks";
				MACOSX_DEPLOYMENT_TARGET = 26.5;
				MARKETING_VERSION = 1.0;
				PRODUCT_BUNDLE_IDENTIFIER = com.taek.haru2;
				PRODUCT_NAME = "$(TARGET_NAME)";
				REGISTER_APP_GROUPS = YES;
				SDKROOT = auto;
				STRING_CATALOG_GENERATE_SYMBOLS = YES;
				SUPPORTED_PLATFORMS = "iphoneos iphonesimulator macosx xros xrsimulator";
				SWIFT_APPROACHABLE_CONCURRENCY = YES;
				SWIFT_DEFAULT_ACTOR_ISOLATION = MainActor;
				SWIFT_EMIT_LOC_STRINGS = YES;
				SWIFT_UPCOMING_FEATURE_MEMBER_IMPORT_VISIBILITY = YES;
				SWIFT_VERSION = 5.0;
				TARGETED_DEVICE_FAMILY = "1,2,7";
				XROS_DEPLOYMENT_TARGET = 26.5;
			};
			name = Release;
		};
		110BA7C03073CE5F00692968 /* Debug */ = {
			isa = XCBuildConfiguration;
			buildSettings = {
				BUNDLE_LOADER = "$(TEST_HOST)";
				CODE_SIGN_STYLE = Automatic;
				CURRENT_PROJECT_VERSION = 1;
				DEAD_CODE_STRIPPING = YES;
								GENERATE_INFOPLIST_FILE = YES;
				IPHONEOS_DEPLOYMENT_TARGET = 26.5;
				MACOSX_DEPLOYMENT_TARGET = 26.5;
				MARKETING_VERSION = 1.0;
				PRODUCT_BUNDLE_IDENTIFIER = com.taek.haru2Tests;
				PRODUCT_NAME = "$(TARGET_NAME)";
				SDKROOT = auto;
				STRING_CATALOG_GENERATE_SYMBOLS = NO;
				SUPPORTED_PLATFORMS = "iphoneos iphonesimulator macosx xros xrsimulator";
				SWIFT_APPROACHABLE_CONCURRENCY = YES;
				SWIFT_EMIT_LOC_STRINGS = NO;
				SWIFT_UPCOMING_FEATURE_MEMBER_IMPORT_VISIBILITY = YES;
				SWIFT_VERSION = 5.0;
				TARGETED_DEVICE_FAMILY = "1,2,7";
				TEST_HOST = "$(BUILT_PRODUCTS_DIR)/haru2.app/$(BUNDLE_EXECUTABLE_FOLDER_PATH)/haru2";
				XROS_DEPLOYMENT_TARGET = 26.5;
			};
			name = Debug;
		};
		110BA7C13073CE5F00692968 /* Release */ = {
			isa = XCBuildConfiguration;
			buildSettings = {
				BUNDLE_LOADER = "$(TEST_HOST)";
				CODE_SIGN_STYLE = Automatic;
				CURRENT_PROJECT_VERSION = 1;
				DEAD_CODE_STRIPPING = YES;
								GENERATE_INFOPLIST_FILE = YES;
				IPHONEOS_DEPLOYMENT_TARGET = 26.5;
				MACOSX_DEPLOYMENT_TARGET = 26.5;
				MARKETING_VERSION = 1.0;
				PRODUCT_BUNDLE_IDENTIFIER = com.taek.haru2Tests;
				PRODUCT_NAME = "$(TARGET_NAME)";
				SDKROOT = auto;
				STRING_CATALOG_GENERATE_SYMBOLS = NO;
				SUPPORTED_PLATFORMS = "iphoneos iphonesimulator macosx xros xrsimulator";
				SWIFT_APPROACHABLE_CONCURRENCY = YES;
				SWIFT_EMIT_LOC_STRINGS = NO;
				SWIFT_UPCOMING_FEATURE_MEMBER_IMPORT_VISIBILITY = YES;
				SWIFT_VERSION = 5.0;
				TARGETED_DEVICE_FAMILY = "1,2,7";
				TEST_HOST = "$(BUILT_PRODUCTS_DIR)/haru2.app/$(BUNDLE_EXECUTABLE_FOLDER_PATH)/haru2";
				XROS_DEPLOYMENT_TARGET = 26.5;
			};
			name = Release;
		};
		110BA7C33073CE5F00692968 /* Debug */ = {
			isa = XCBuildConfiguration;
			buildSettings = {
				CODE_SIGN_STYLE = Automatic;
				CURRENT_PROJECT_VERSION = 1;
				DEAD_CODE_STRIPPING = YES;
								GENERATE_INFOPLIST_FILE = YES;
				IPHONEOS_DEPLOYMENT_TARGET = 26.5;
				MACOSX_DEPLOYMENT_TARGET = 26.5;
				MARKETING_VERSION = 1.0;
				PRODUCT_BUNDLE_IDENTIFIER = com.taek.haru2UITests;
				PRODUCT_NAME = "$(TARGET_NAME)";
				SDKROOT = auto;
				STRING_CATALOG_GENERATE_SYMBOLS = NO;
				SUPPORTED_PLATFORMS = "iphoneos iphonesimulator macosx xros xrsimulator";
				SWIFT_APPROACHABLE_CONCURRENCY = YES;
				SWIFT_EMIT_LOC_STRINGS = NO;
				SWIFT_UPCOMING_FEATURE_MEMBER_IMPORT_VISIBILITY = YES;
				SWIFT_VERSION = 5.0;
				TARGETED_DEVICE_FAMILY = "1,2,7";
				TEST_TARGET_NAME = haru2;
				XROS_DEPLOYMENT_TARGET = 26.5;
			};
			name = Debug;
		};
		110BA7C43073CE5F00692968 /* Release */ = {
			isa = XCBuildConfiguration;
			buildSettings = {
				CODE_SIGN_STYLE = Automatic;
				CURRENT_PROJECT_VERSION = 1;
				DEAD_CODE_STRIPPING = YES;
								GENERATE_INFOPLIST_FILE = YES;
				IPHONEOS_DEPLOYMENT_TARGET = 26.5;
				MACOSX_DEPLOYMENT_TARGET = 26.5;
				MARKETING_VERSION = 1.0;
				PRODUCT_BUNDLE_IDENTIFIER = com.taek.haru2UITests;
				PRODUCT_NAME = "$(TARGET_NAME)";
				SDKROOT = auto;
				STRING_CATALOG_GENERATE_SYMBOLS = NO;
				SUPPORTED_PLATFORMS = "iphoneos iphonesimulator macosx xros xrsimulator";
				SWIFT_APPROACHABLE_CONCURRENCY = YES;
				SWIFT_EMIT_LOC_STRINGS = NO;
				SWIFT_UPCOMING_FEATURE_MEMBER_IMPORT_VISIBILITY = YES;
				SWIFT_VERSION = 5.0;
				TARGETED_DEVICE_FAMILY = "1,2,7";
				TEST_TARGET_NAME = haru2;
				XROS_DEPLOYMENT_TARGET = 26.5;
			};
			name = Release;
		};
		110BA8323073D35500692968 /* Debug */ = {
			isa = XCBuildConfiguration;
			buildSettings = {
				ASSETCATALOG_COMPILER_GLOBAL_ACCENT_COLOR_NAME = AccentColor;
				ASSETCATALOG_COMPILER_WIDGET_BACKGROUND_COLOR_NAME = WidgetBackground;
				CODE_SIGN_ENTITLEMENTS = HaruWidget/HaruWidget.entitlements;
				CODE_SIGN_STYLE = Automatic;
				CURRENT_PROJECT_VERSION = 1;
								GENERATE_INFOPLIST_FILE = YES;
				INFOPLIST_FILE = HaruWidget/Info.plist;
				INFOPLIST_KEY_CFBundleDisplayName = HaruWidget;
				INFOPLIST_KEY_NSHumanReadableCopyright = "";
				IPHONEOS_DEPLOYMENT_TARGET = 26.5;
				LD_RUNPATH_SEARCH_PATHS = (
					"$(inherited)",
					"@executable_path/Frameworks",
					"@executable_path/../../Frameworks",
				);
				MARKETING_VERSION = 1.0;
				PRODUCT_BUNDLE_IDENTIFIER = com.taek.haru2.HaruWidget;
				PRODUCT_NAME = "$(TARGET_NAME)";
				SDKROOT = iphoneos;
				SKIP_INSTALL = YES;
				STRING_CATALOG_GENERATE_SYMBOLS = YES;
				SWIFT_APPROACHABLE_CONCURRENCY = YES;
				SWIFT_EMIT_LOC_STRINGS = YES;
				SWIFT_UPCOMING_FEATURE_MEMBER_IMPORT_VISIBILITY = YES;
				SWIFT_VERSION = 5.0;
				TARGETED_DEVICE_FAMILY = "1,2";
			};
			name = Debug;
		};
		110BA8333073D35500692968 /* Release */ = {
			isa = XCBuildConfiguration;
			buildSettings = {
				ASSETCATALOG_COMPILER_GLOBAL_ACCENT_COLOR_NAME = AccentColor;
				ASSETCATALOG_COMPILER_WIDGET_BACKGROUND_COLOR_NAME = WidgetBackground;
				CODE_SIGN_ENTITLEMENTS = HaruWidget/HaruWidget.entitlements;
				CODE_SIGN_STYLE = Automatic;
				CURRENT_PROJECT_VERSION = 1;
								GENERATE_INFOPLIST_FILE = YES;
				INFOPLIST_FILE = HaruWidget/Info.plist;
				INFOPLIST_KEY_CFBundleDisplayName = HaruWidget;
				INFOPLIST_KEY_NSHumanReadableCopyright = "";
				IPHONEOS_DEPLOYMENT_TARGET = 26.5;
				LD_RUNPATH_SEARCH_PATHS = (
					"$(inherited)",
					"@executable_path/Frameworks",
					"@executable_path/../../Frameworks",
				);
				MARKETING_VERSION = 1.0;
				PRODUCT_BUNDLE_IDENTIFIER = com.taek.haru2.HaruWidget;
				PRODUCT_NAME = "$(TARGET_NAME)";
				SDKROOT = iphoneos;
				SKIP_INSTALL = YES;
				STRING_CATALOG_GENERATE_SYMBOLS = YES;
				SWIFT_APPROACHABLE_CONCURRENCY = YES;
				SWIFT_EMIT_LOC_STRINGS = YES;
				SWIFT_UPCOMING_FEATURE_MEMBER_IMPORT_VISIBILITY = YES;
				SWIFT_VERSION = 5.0;
				TARGETED_DEVICE_FAMILY = "1,2";
				VALIDATE_PRODUCT = YES;
			};
			name = Release;
		};
/* End XCBuildConfiguration section */

/* Begin XCConfigurationList section */
		110BA7963073CE5D00692968 /* Build configuration list for PBXProject "haru2" */ = {
			isa = XCConfigurationList;
			buildConfigurations = (
				110BA7BA3073CE5F00692968 /* Debug */,
				110BA7BB3073CE5F00692968 /* Release */,
			);
			defaultConfigurationIsVisible = 0;
			defaultConfigurationName = Release;
		};
		110BA7BC3073CE5F00692968 /* Build configuration list for PBXNativeTarget "haru2" */ = {
			isa = XCConfigurationList;
			buildConfigurations = (
				110BA7BD3073CE5F00692968 /* Debug */,
				110BA7BE3073CE5F00692968 /* Release */,
			);
			defaultConfigurationIsVisible = 0;
			defaultConfigurationName = Release;
		};
		110BA7BF3073CE5F00692968 /* Build configuration list for PBXNativeTarget "haru2Tests" */ = {
			isa = XCConfigurationList;
			buildConfigurations = (
				110BA7C03073CE5F00692968 /* Debug */,
				110BA7C13073CE5F00692968 /* Release */,
			);
			defaultConfigurationIsVisible = 0;
			defaultConfigurationName = Release;
		};
		110BA7C23073CE5F00692968 /* Build configuration list for PBXNativeTarget "haru2UITests" */ = {
			isa = XCConfigurationList;
			buildConfigurations = (
				110BA7C33073CE5F00692968 /* Debug */,
				110BA7C43073CE5F00692968 /* Release */,
			);
			defaultConfigurationIsVisible = 0;
			defaultConfigurationName = Release;
		};
		110BA8313073D35500692968 /* Build configuration list for PBXNativeTarget "HaruWidgetExtension" */ = {
			isa = XCConfigurationList;
			buildConfigurations = (
				110BA8323073D35500692968 /* Debug */,
				110BA8333073D35500692968 /* Release */,
			);
			defaultConfigurationIsVisible = 0;
			defaultConfigurationName = Release;
		};
/* End XCConfigurationList section */
	};
	rootObject = 110BA7933073CE5D00692968 /* Project object */;
}
